
Microsoft Visual Studio Solution File, Format Version 12.00
# Visual Studio Version 17
VisualStudioVersion = 17.13.35825.156 d17.13
MinimumVisualStudioVersion = 10.0.40219.1
Project("{FAE04EC0-301F-11D3-BF4B-00C04F79EFBC}") = "xadrez-console", "xadrez-console\xadrez-console.csproj", "{69B15B7A-88C7-4FDA-AF4E-750FC829451D}"
EndProject
Global
	GlobalSection(SolutionConfigurationPlatforms) = preSolution
		Debug|Any CPU = Debug|Any CPU
		Release|Any CPU = Release|Any CPU
	EndGlobalSection
	GlobalSection(ProjectConfigurationPlatforms) = postSolution
		{69B15B7A-88C7-4FDA-AF4E-750FC829451D}.Debug|Any CPU.ActiveCfg = Debug|Any CPU
		{69B15B7A-88C7-4FDA-AF4E-750FC829451D}.Debug|Any CPU.Build.0 = Debug|Any CPU
		{69B15B7A-88C7-4FDA-AF4E-750FC829451D}.Release|Any CPU.ActiveCfg = Release|Any CPU
		{69B15B7A-88C7-4FDA-AF4E-750FC829451D}.Release|Any CPU.Build.0 = Release|Any CPU
	EndGlobalSection
	GlobalSection(SolutionProperties) = preSolution
		HideSolutionNode = FALSE
	EndGlobalSection
	GlobalSection(ExtensibilityGlobals) = postSolution
		SolutionGuid = {F71847D9-7EC6-45DB-A52A-EE28FA98B40F}
	EndGlobalSection
EndGlobal
